
Microsoft Visual Studio Solution File, Format Version 12.00
# Visual Studio Version 16
VisualStudioVersion = 16.0.28803.202
MinimumVisualStudioVersion = 10.0.40219.1
Project("{FAE04EC0-301F-11D3-BF4B-00C04F79EFBC}") = "DynamicTranslator.Wpf", "src\DynamicTranslator.Wpf\DynamicTranslator.Wpf.csproj", "{6995ABFD-720F-41E7-BE8B-38F23BA4BB57}"
EndProject
Project("{9A19103F-16F7-4668-BE54-9A1E7A4F7556}") = "DynamicTranslator", "src\DynamicTranslator\DynamicTranslator.csproj", "{A0D66D6A-2A41-4532-AB6E-6443874946E6}"
EndProject
Project("{2150E333-8FDC-42A3-9474-1A3956D46DE8}") = "Solution Items", "Solution Items", "{3D8481BF-9897-460E-94F3-1B83F93C657C}"
	ProjectSection(SolutionItems) = preProject
		.gitattributes = .gitattributes
		.gitignore = .gitignore
		appveyor.yml = appveyor.yml
		build.cake = build.cake
		build.ps1 = build.ps1
		common.cake = common.cake
		LICENSE = LICENSE
		README.md = README.md
	EndProjectSection
EndProject
Project("{2150E333-8FDC-42A3-9474-1A3956D46DE8}") = "src", "src", "{74BBC1F0-BEE2-45E1-9CD2-F03E4C7EDBBE}"
EndProject
Project("{2150E333-8FDC-42A3-9474-1A3956D46DE8}") = "test", "test", "{492F1AF1-370D-4B2A-8A85-8FDB3493036D}"
EndProject
Project("{FAE04EC0-301F-11D3-BF4B-00C04F79EFBC}") = "DynamicTranslator.Tests", "test\DynamicTranslator.Tests\DynamicTranslator.Tests.csproj", "{D2B783C8-CEEC-4899-A6C3-9D5EE76174B0}"
EndProject
Global
	GlobalSection(SolutionConfigurationPlatforms) = preSolution
		Debug|Any CPU = Debug|Any CPU
		Release|Any CPU = Release|Any CPU
	EndGlobalSection
	GlobalSection(ProjectConfigurationPlatforms) = postSolution
		{6995ABFD-720F-41E7-BE8B-38F23BA4BB57}.Debug|Any CPU.ActiveCfg = Debug|Any CPU
		{6995ABFD-720F-41E7-BE8B-38F23BA4BB57}.Debug|Any CPU.Build.0 = Debug|Any CPU
		{6995ABFD-720F-41E7-BE8B-38F23BA4BB57}.Release|Any CPU.ActiveCfg = Release|Any CPU
		{6995ABFD-720F-41E7-BE8B-38F23BA4BB57}.Release|Any CPU.Build.0 = Release|Any CPU
		{A0D66D6A-2A41-4532-AB6E-6443874946E6}.Debug|Any CPU.ActiveCfg = Debug|Any CPU
		{A0D66D6A-2A41-4532-AB6E-6443874946E6}.Debug|Any CPU.Build.0 = Debug|Any CPU
		{A0D66D6A-2A41-4532-AB6E-6443874946E6}.Release|Any CPU.ActiveCfg = Release|Any CPU
		{A0D66D6A-2A41-4532-AB6E-6443874946E6}.Release|Any CPU.Build.0 = Release|Any CPU
		{D2B783C8-CEEC-4899-A6C3-9D5EE76174B0}.Debug|Any CPU.ActiveCfg = Debug|Any CPU
		{D2B783C8-CEEC-4899-A6C3-9D5EE76174B0}.Debug|Any CPU.Build.0 = Debug|Any CPU
		{D2B783C8-CEEC-4899-A6C3-9D5EE76174B0}.Release|Any CPU.ActiveCfg = Release|Any CPU
		{D2B783C8-CEEC-4899-A6C3-9D5EE76174B0}.Release|Any CPU.Build.0 = Release|Any CPU
	EndGlobalSection
	GlobalSection(SolutionProperties) = preSolution
		HideSolutionNode = FALSE
	EndGlobalSection
	GlobalSection(NestedProjects) = preSolution
		{6995ABFD-720F-41E7-BE8B-38F23BA4BB57} = {74BBC1F0-BEE2-45E1-9CD2-F03E4C7EDBBE}
		{A0D66D6A-2A41-4532-AB6E-6443874946E6} = {74BBC1F0-BEE2-45E1-9CD2-F03E4C7EDBBE}
		{D2B783C8-CEEC-4899-A6C3-9D5EE76174B0} = {492F1AF1-370D-4B2A-8A85-8FDB3493036D}
	EndGlobalSection
	GlobalSection(ExtensibilityGlobals) = postSolution
		SolutionGuid = {F59170BF-7548-4B92-AE24-F3D7B853B552}
	EndGlobalSection
EndGlobal
