
Microsoft Visual Studio Solution File, Format Version 12.00
# Visual Studio 14
VisualStudioVersion = 14.0.23107.0
MinimumVisualStudioVersion = 10.0.40219.1
Project("{FAE04EC0-301F-11D3-BF4B-00C04F79EFBC}") = "DynamicTranslator", "DynamicTranslator\DynamicTranslator.csproj", "{6995ABFD-720F-41E7-BE8B-38F23BA4BB57}"
EndProject
Project("{FAE04EC0-301F-11D3-BF4B-00C04F79EFBC}") = "DynamicTranslator.Core", "DynamicTranslator.Core\DynamicTranslator.Core.csproj", "{A0D66D6A-2A41-4532-AB6E-6443874946E6}"
EndProject
Project("{FAE04EC0-301F-11D3-BF4B-00C04F79EFBC}") = "DynamicTranslator.LearningStation", "DynamicTranslator.LearningStation\DynamicTranslator.LearningStation.csproj", "{DA1D38BC-203D-4677-A99F-9E2C4D9096CA}"
EndProject
Global
	GlobalSection(SolutionConfigurationPlatforms) = preSolution
		Debug|Any CPU = Debug|Any CPU
		Release|Any CPU = Release|Any CPU
	EndGlobalSection
	GlobalSection(ProjectConfigurationPlatforms) = postSolution
		{6995ABFD-720F-41E7-BE8B-38F23BA4BB57}.Debug|Any CPU.ActiveCfg = Debug|Any CPU
		{6995ABFD-720F-41E7-BE8B-38F23BA4BB57}.Debug|Any CPU.Build.0 = Debug|Any CPU
		{6995ABFD-720F-41E7-BE8B-38F23BA4BB57}.Release|Any CPU.ActiveCfg = Release|Any CPU
		{6995ABFD-720F-41E7-BE8B-38F23BA4BB57}.Release|Any CPU.Build.0 = Release|Any CPU
		{A0D66D6A-2A41-4532-AB6E-6443874946E6}.Debug|Any CPU.ActiveCfg = Debug|Any CPU
		{A0D66D6A-2A41-4532-AB6E-6443874946E6}.Debug|Any CPU.Build.0 = Debug|Any CPU
		{A0D66D6A-2A41-4532-AB6E-6443874946E6}.Release|Any CPU.ActiveCfg = Release|Any CPU
		{A0D66D6A-2A41-4532-AB6E-6443874946E6}.Release|Any CPU.Build.0 = Release|Any CPU
		{DA1D38BC-203D-4677-A99F-9E2C4D9096CA}.Debug|Any CPU.ActiveCfg = Debug|Any CPU
		{DA1D38BC-203D-4677-A99F-9E2C4D9096CA}.Debug|Any CPU.Build.0 = Debug|Any CPU
		{DA1D38BC-203D-4677-A99F-9E2C4D9096CA}.Release|Any CPU.ActiveCfg = Release|Any CPU
		{DA1D38BC-203D-4677-A99F-9E2C4D9096CA}.Release|Any CPU.Build.0 = Release|Any CPU
	EndGlobalSection
	GlobalSection(SolutionProperties) = preSolution
		HideSolutionNode = FALSE
	EndGlobalSection
EndGlobal
