
Microsoft Visual Studio Solution File, Format Version 12.00
# Visual Studio 14
VisualStudioVersion = 14.0.25123.0
MinimumVisualStudioVersion = 10.0.40219.1
Project("{FAE04EC0-301F-11D3-BF4B-00C04F79EFBC}") = "DynamicTranslator.Wpf", "DynamicTranslator.Wpf\DynamicTranslator.Wpf.csproj", "{6995ABFD-720F-41E7-BE8B-38F23BA4BB57}"
EndProject
Project("{FAE04EC0-301F-11D3-BF4B-00C04F79EFBC}") = "DynamicTranslator", "DynamicTranslator\DynamicTranslator.csproj", "{A0D66D6A-2A41-4532-AB6E-6443874946E6}"
EndProject
Project("{FAE04EC0-301F-11D3-BF4B-00C04F79EFBC}") = "DynamicTranslator.DbReeze", "DynamicTranslator.DbReeze\DynamicTranslator.DbReeze.csproj", "{28594610-055B-4849-9426-560344B4C777}"
EndProject
Project("{FAE04EC0-301F-11D3-BF4B-00C04F79EFBC}") = "DynamicTranslator.Application", "DynamicTranslator.Application\DynamicTranslator.Application.csproj", "{A0ED5DD8-5E6C-44A7-95A5-D3EF018C71FF}"
EndProject
Project("{2150E333-8FDC-42A3-9474-1A3956D46DE8}") = "00-Core", "00-Core", "{EC26994B-B373-41E6-B657-214E8C7EC1EE}"
EndProject
Project("{2150E333-8FDC-42A3-9474-1A3956D46DE8}") = "01-Domain", "01-Domain", "{AC8515DF-4F4E-4065-8E73-52EAC5984D3C}"
EndProject
Project("{2150E333-8FDC-42A3-9474-1A3956D46DE8}") = "02-Application", "02-Application", "{2D654F9C-CD45-4348-A0AF-7DD4192F08A3}"
EndProject
Project("{2150E333-8FDC-42A3-9474-1A3956D46DE8}") = "03-Wpf", "03-Wpf", "{F8CC5A1A-68B5-436F-81C8-A1F62CA001F1}"
EndProject
Project("{FAE04EC0-301F-11D3-BF4B-00C04F79EFBC}") = "DynamicTranslator.Domain", "DynamicTranslator.Domain\DynamicTranslator.Domain.csproj", "{9205050A-26A4-4047-A691-D6524EEF8F1C}"
EndProject
Global
	GlobalSection(SolutionConfigurationPlatforms) = preSolution
		Debug|Any CPU = Debug|Any CPU
		Release|Any CPU = Release|Any CPU
	EndGlobalSection
	GlobalSection(ProjectConfigurationPlatforms) = postSolution
		{6995ABFD-720F-41E7-BE8B-38F23BA4BB57}.Debug|Any CPU.ActiveCfg = Debug|Any CPU
		{6995ABFD-720F-41E7-BE8B-38F23BA4BB57}.Debug|Any CPU.Build.0 = Debug|Any CPU
		{6995ABFD-720F-41E7-BE8B-38F23BA4BB57}.Release|Any CPU.ActiveCfg = Release|Any CPU
		{6995ABFD-720F-41E7-BE8B-38F23BA4BB57}.Release|Any CPU.Build.0 = Release|Any CPU
		{A0D66D6A-2A41-4532-AB6E-6443874946E6}.Debug|Any CPU.ActiveCfg = Debug|Any CPU
		{A0D66D6A-2A41-4532-AB6E-6443874946E6}.Debug|Any CPU.Build.0 = Debug|Any CPU
		{A0D66D6A-2A41-4532-AB6E-6443874946E6}.Release|Any CPU.ActiveCfg = Release|Any CPU
		{A0D66D6A-2A41-4532-AB6E-6443874946E6}.Release|Any CPU.Build.0 = Release|Any CPU
		{28594610-055B-4849-9426-560344B4C777}.Debug|Any CPU.ActiveCfg = Debug|Any CPU
		{28594610-055B-4849-9426-560344B4C777}.Debug|Any CPU.Build.0 = Debug|Any CPU
		{28594610-055B-4849-9426-560344B4C777}.Release|Any CPU.ActiveCfg = Release|Any CPU
		{28594610-055B-4849-9426-560344B4C777}.Release|Any CPU.Build.0 = Release|Any CPU
		{A0ED5DD8-5E6C-44A7-95A5-D3EF018C71FF}.Debug|Any CPU.ActiveCfg = Debug|Any CPU
		{A0ED5DD8-5E6C-44A7-95A5-D3EF018C71FF}.Debug|Any CPU.Build.0 = Debug|Any CPU
		{A0ED5DD8-5E6C-44A7-95A5-D3EF018C71FF}.Release|Any CPU.ActiveCfg = Release|Any CPU
		{A0ED5DD8-5E6C-44A7-95A5-D3EF018C71FF}.Release|Any CPU.Build.0 = Release|Any CPU
		{9205050A-26A4-4047-A691-D6524EEF8F1C}.Debug|Any CPU.ActiveCfg = Debug|Any CPU
		{9205050A-26A4-4047-A691-D6524EEF8F1C}.Debug|Any CPU.Build.0 = Debug|Any CPU
		{9205050A-26A4-4047-A691-D6524EEF8F1C}.Release|Any CPU.ActiveCfg = Release|Any CPU
		{9205050A-26A4-4047-A691-D6524EEF8F1C}.Release|Any CPU.Build.0 = Release|Any CPU
	EndGlobalSection
	GlobalSection(SolutionProperties) = preSolution
		HideSolutionNode = FALSE
	EndGlobalSection
	GlobalSection(NestedProjects) = preSolution
		{6995ABFD-720F-41E7-BE8B-38F23BA4BB57} = {F8CC5A1A-68B5-436F-81C8-A1F62CA001F1}
		{A0D66D6A-2A41-4532-AB6E-6443874946E6} = {EC26994B-B373-41E6-B657-214E8C7EC1EE}
		{28594610-055B-4849-9426-560344B4C777} = {AC8515DF-4F4E-4065-8E73-52EAC5984D3C}
		{A0ED5DD8-5E6C-44A7-95A5-D3EF018C71FF} = {2D654F9C-CD45-4348-A0AF-7DD4192F08A3}
		{9205050A-26A4-4047-A691-D6524EEF8F1C} = {AC8515DF-4F4E-4065-8E73-52EAC5984D3C}
	EndGlobalSection
EndGlobal
