
Microsoft Visual Studio Solution File, Format Version 12.00
# Visual Studio 15
VisualStudioVersion = 15.0.26430.14
MinimumVisualStudioVersion = 10.0.40219.1
Project("{FAE04EC0-301F-11D3-BF4B-00C04F79EFBC}") = "DynamicTranslator.Wpf", "DynamicTranslator.Wpf\DynamicTranslator.Wpf.csproj", "{6995ABFD-720F-41E7-BE8B-38F23BA4BB57}"
	ProjectSection(ProjectDependencies) = postProject
		{8A97DD07-0E11-499C-80EB-481C041CDAB0} = {8A97DD07-0E11-499C-80EB-481C041CDAB0}
		{06845B37-474C-4C2C-8EA1-BEE19A9D7A2E} = {06845B37-474C-4C2C-8EA1-BEE19A9D7A2E}
		{63D9C150-E83E-4CB5-AA0A-DD1BC65A79B2} = {63D9C150-E83E-4CB5-AA0A-DD1BC65A79B2}
		{F0794B80-904C-40EB-93DC-CA7E7EC02459} = {F0794B80-904C-40EB-93DC-CA7E7EC02459}
		{084D07AF-B50A-473E-BDD7-D99413834436} = {084D07AF-B50A-473E-BDD7-D99413834436}
		{90EC92E1-0E3C-40D7-80C8-E79B143B04E8} = {90EC92E1-0E3C-40D7-80C8-E79B143B04E8}
	EndProjectSection
EndProject
Project("{FAE04EC0-301F-11D3-BF4B-00C04F79EFBC}") = "DynamicTranslator", "DynamicTranslator\DynamicTranslator.csproj", "{A0D66D6A-2A41-4532-AB6E-6443874946E6}"
EndProject
Project("{FAE04EC0-301F-11D3-BF4B-00C04F79EFBC}") = "DynamicTranslator.Application", "DynamicTranslator.Application\DynamicTranslator.Application.csproj", "{A0ED5DD8-5E6C-44A7-95A5-D3EF018C71FF}"
EndProject
Project("{2150E333-8FDC-42A3-9474-1A3956D46DE8}") = "00-Core", "00-Core", "{EC26994B-B373-41E6-B657-214E8C7EC1EE}"
EndProject
Project("{2150E333-8FDC-42A3-9474-1A3956D46DE8}") = "01-Domain", "01-Domain", "{AC8515DF-4F4E-4065-8E73-52EAC5984D3C}"
EndProject
Project("{2150E333-8FDC-42A3-9474-1A3956D46DE8}") = "02-Application", "02-Application", "{2D654F9C-CD45-4348-A0AF-7DD4192F08A3}"
EndProject
Project("{2150E333-8FDC-42A3-9474-1A3956D46DE8}") = "03-Presentation", "03-Presentation", "{F8CC5A1A-68B5-436F-81C8-A1F62CA001F1}"
EndProject
Project("{FAE04EC0-301F-11D3-BF4B-00C04F79EFBC}") = "DynamicTranslator.Domain", "DynamicTranslator.Domain\DynamicTranslator.Domain.csproj", "{9205050A-26A4-4047-A691-D6524EEF8F1C}"
EndProject
Project("{FAE04EC0-301F-11D3-BF4B-00C04F79EFBC}") = "DynamicTranslator.Application.Google", "DynamicTranslator.Application.Google\DynamicTranslator.Application.Google.csproj", "{8A97DD07-0E11-499C-80EB-481C041CDAB0}"
EndProject
Project("{FAE04EC0-301F-11D3-BF4B-00C04F79EFBC}") = "DynamicTranslator.Application.Yandex", "DynamicTranslator.Application.Yandex\DynamicTranslator.Application.Yandex.csproj", "{63D9C150-E83E-4CB5-AA0A-DD1BC65A79B2}"
EndProject
Project("{FAE04EC0-301F-11D3-BF4B-00C04F79EFBC}") = "DynamicTranslator.Application.Tureng", "DynamicTranslator.Application.Tureng\DynamicTranslator.Application.Tureng.csproj", "{084D07AF-B50A-473E-BDD7-D99413834436}"
EndProject
Project("{FAE04EC0-301F-11D3-BF4B-00C04F79EFBC}") = "DynamicTranslator.Application.SesliSozluk", "DynamicTranslator.Application.SesliSozluk\DynamicTranslator.Application.SesliSozluk.csproj", "{F0794B80-904C-40EB-93DC-CA7E7EC02459}"
EndProject
Project("{FAE04EC0-301F-11D3-BF4B-00C04F79EFBC}") = "DynamicTranslator.Application.Bing", "DynamicTranslator.Application.Bing\DynamicTranslator.Application.Bing.csproj", "{06845B37-474C-4C2C-8EA1-BEE19A9D7A2E}"
EndProject
Project("{FAE04EC0-301F-11D3-BF4B-00C04F79EFBC}") = "DynamicTranslator.Application.Zargan", "DynamicTranslator.Application.Zargan\DynamicTranslator.Application.Zargan.csproj", "{90EC92E1-0E3C-40D7-80C8-E79B143B04E8}"
EndProject
Project("{FAE04EC0-301F-11D3-BF4B-00C04F79EFBC}") = "DynamicTranslator.Application.Prompt", "DynamicTranslator.Application.Prompt\DynamicTranslator.Application.Prompt.csproj", "{5A181B97-9B9E-4B26-A48D-DC6C184AB222}"
EndProject
Project("{2150E333-8FDC-42A3-9474-1A3956D46DE8}") = "04-Test", "04-Test", "{8F968D6C-E993-4F20-B81C-3803A94EE7C0}"
EndProject
Project("{FAE04EC0-301F-11D3-BF4B-00C04F79EFBC}") = "DynamicTranslator.Tests", "DynamicTranslator.Tests\DynamicTranslator.Tests.csproj", "{7601B79B-479D-4BE9-AEC6-BC5959BA05AA}"
EndProject
Project("{FAE04EC0-301F-11D3-BF4B-00C04F79EFBC}") = "DynamicTranslator.TestBase", "DynamicTranslator.TestBase\DynamicTranslator.TestBase.csproj", "{6BB0DBDA-1521-432C-9C3E-8B06A61B64AA}"
EndProject
Project("{FAE04EC0-301F-11D3-BF4B-00C04F79EFBC}") = "DynamicTranslator.Application.Tests", "DynamicTranslator.Application.Tests\DynamicTranslator.Application.Tests.csproj", "{2298C3FC-A968-4B31-9AC0-FB1A2B0E7B06}"
EndProject
Project("{FAE04EC0-301F-11D3-BF4B-00C04F79EFBC}") = "DynamicTranslator.Application.WordReference", "DynamicTranslator.Application.WordReference\DynamicTranslator.Application.WordReference.csproj", "{0BD218DA-ABEE-4DFA-9FF7-5B0EDB8269B2}"
EndProject
Global
	GlobalSection(SolutionConfigurationPlatforms) = preSolution
		Debug|Any CPU = Debug|Any CPU
		Release|Any CPU = Release|Any CPU
	EndGlobalSection
	GlobalSection(ProjectConfigurationPlatforms) = postSolution
		{6995ABFD-720F-41E7-BE8B-38F23BA4BB57}.Debug|Any CPU.ActiveCfg = Debug|Any CPU
		{6995ABFD-720F-41E7-BE8B-38F23BA4BB57}.Debug|Any CPU.Build.0 = Debug|Any CPU
		{6995ABFD-720F-41E7-BE8B-38F23BA4BB57}.Release|Any CPU.ActiveCfg = Release|Any CPU
		{6995ABFD-720F-41E7-BE8B-38F23BA4BB57}.Release|Any CPU.Build.0 = Release|Any CPU
		{A0D66D6A-2A41-4532-AB6E-6443874946E6}.Debug|Any CPU.ActiveCfg = Debug|Any CPU
		{A0D66D6A-2A41-4532-AB6E-6443874946E6}.Debug|Any CPU.Build.0 = Debug|Any CPU
		{A0D66D6A-2A41-4532-AB6E-6443874946E6}.Release|Any CPU.ActiveCfg = Release|Any CPU
		{A0D66D6A-2A41-4532-AB6E-6443874946E6}.Release|Any CPU.Build.0 = Release|Any CPU
		{A0ED5DD8-5E6C-44A7-95A5-D3EF018C71FF}.Debug|Any CPU.ActiveCfg = Debug|Any CPU
		{A0ED5DD8-5E6C-44A7-95A5-D3EF018C71FF}.Debug|Any CPU.Build.0 = Debug|Any CPU
		{A0ED5DD8-5E6C-44A7-95A5-D3EF018C71FF}.Release|Any CPU.ActiveCfg = Release|Any CPU
		{A0ED5DD8-5E6C-44A7-95A5-D3EF018C71FF}.Release|Any CPU.Build.0 = Release|Any CPU
		{9205050A-26A4-4047-A691-D6524EEF8F1C}.Debug|Any CPU.ActiveCfg = Debug|Any CPU
		{9205050A-26A4-4047-A691-D6524EEF8F1C}.Debug|Any CPU.Build.0 = Debug|Any CPU
		{9205050A-26A4-4047-A691-D6524EEF8F1C}.Release|Any CPU.ActiveCfg = Release|Any CPU
		{9205050A-26A4-4047-A691-D6524EEF8F1C}.Release|Any CPU.Build.0 = Release|Any CPU
		{8A97DD07-0E11-499C-80EB-481C041CDAB0}.Debug|Any CPU.ActiveCfg = Debug|Any CPU
		{8A97DD07-0E11-499C-80EB-481C041CDAB0}.Debug|Any CPU.Build.0 = Debug|Any CPU
		{8A97DD07-0E11-499C-80EB-481C041CDAB0}.Release|Any CPU.ActiveCfg = Release|Any CPU
		{8A97DD07-0E11-499C-80EB-481C041CDAB0}.Release|Any CPU.Build.0 = Release|Any CPU
		{63D9C150-E83E-4CB5-AA0A-DD1BC65A79B2}.Debug|Any CPU.ActiveCfg = Debug|Any CPU
		{63D9C150-E83E-4CB5-AA0A-DD1BC65A79B2}.Debug|Any CPU.Build.0 = Debug|Any CPU
		{63D9C150-E83E-4CB5-AA0A-DD1BC65A79B2}.Release|Any CPU.ActiveCfg = Release|Any CPU
		{63D9C150-E83E-4CB5-AA0A-DD1BC65A79B2}.Release|Any CPU.Build.0 = Release|Any CPU
		{084D07AF-B50A-473E-BDD7-D99413834436}.Debug|Any CPU.ActiveCfg = Debug|Any CPU
		{084D07AF-B50A-473E-BDD7-D99413834436}.Debug|Any CPU.Build.0 = Debug|Any CPU
		{084D07AF-B50A-473E-BDD7-D99413834436}.Release|Any CPU.ActiveCfg = Release|Any CPU
		{084D07AF-B50A-473E-BDD7-D99413834436}.Release|Any CPU.Build.0 = Release|Any CPU
		{F0794B80-904C-40EB-93DC-CA7E7EC02459}.Debug|Any CPU.ActiveCfg = Debug|Any CPU
		{F0794B80-904C-40EB-93DC-CA7E7EC02459}.Debug|Any CPU.Build.0 = Debug|Any CPU
		{F0794B80-904C-40EB-93DC-CA7E7EC02459}.Release|Any CPU.ActiveCfg = Release|Any CPU
		{F0794B80-904C-40EB-93DC-CA7E7EC02459}.Release|Any CPU.Build.0 = Release|Any CPU
		{06845B37-474C-4C2C-8EA1-BEE19A9D7A2E}.Debug|Any CPU.ActiveCfg = Debug|Any CPU
		{06845B37-474C-4C2C-8EA1-BEE19A9D7A2E}.Debug|Any CPU.Build.0 = Debug|Any CPU
		{06845B37-474C-4C2C-8EA1-BEE19A9D7A2E}.Release|Any CPU.ActiveCfg = Release|Any CPU
		{06845B37-474C-4C2C-8EA1-BEE19A9D7A2E}.Release|Any CPU.Build.0 = Release|Any CPU
		{90EC92E1-0E3C-40D7-80C8-E79B143B04E8}.Debug|Any CPU.ActiveCfg = Debug|Any CPU
		{90EC92E1-0E3C-40D7-80C8-E79B143B04E8}.Debug|Any CPU.Build.0 = Debug|Any CPU
		{90EC92E1-0E3C-40D7-80C8-E79B143B04E8}.Release|Any CPU.ActiveCfg = Release|Any CPU
		{90EC92E1-0E3C-40D7-80C8-E79B143B04E8}.Release|Any CPU.Build.0 = Release|Any CPU
		{5A181B97-9B9E-4B26-A48D-DC6C184AB222}.Debug|Any CPU.ActiveCfg = Debug|Any CPU
		{5A181B97-9B9E-4B26-A48D-DC6C184AB222}.Debug|Any CPU.Build.0 = Debug|Any CPU
		{5A181B97-9B9E-4B26-A48D-DC6C184AB222}.Release|Any CPU.ActiveCfg = Release|Any CPU
		{5A181B97-9B9E-4B26-A48D-DC6C184AB222}.Release|Any CPU.Build.0 = Release|Any CPU
		{7601B79B-479D-4BE9-AEC6-BC5959BA05AA}.Debug|Any CPU.ActiveCfg = Debug|Any CPU
		{7601B79B-479D-4BE9-AEC6-BC5959BA05AA}.Debug|Any CPU.Build.0 = Debug|Any CPU
		{7601B79B-479D-4BE9-AEC6-BC5959BA05AA}.Release|Any CPU.ActiveCfg = Release|Any CPU
		{7601B79B-479D-4BE9-AEC6-BC5959BA05AA}.Release|Any CPU.Build.0 = Release|Any CPU
		{6BB0DBDA-1521-432C-9C3E-8B06A61B64AA}.Debug|Any CPU.ActiveCfg = Debug|Any CPU
		{6BB0DBDA-1521-432C-9C3E-8B06A61B64AA}.Debug|Any CPU.Build.0 = Debug|Any CPU
		{6BB0DBDA-1521-432C-9C3E-8B06A61B64AA}.Release|Any CPU.ActiveCfg = Release|Any CPU
		{6BB0DBDA-1521-432C-9C3E-8B06A61B64AA}.Release|Any CPU.Build.0 = Release|Any CPU
		{2298C3FC-A968-4B31-9AC0-FB1A2B0E7B06}.Debug|Any CPU.ActiveCfg = Debug|Any CPU
		{2298C3FC-A968-4B31-9AC0-FB1A2B0E7B06}.Debug|Any CPU.Build.0 = Debug|Any CPU
		{2298C3FC-A968-4B31-9AC0-FB1A2B0E7B06}.Release|Any CPU.ActiveCfg = Release|Any CPU
		{2298C3FC-A968-4B31-9AC0-FB1A2B0E7B06}.Release|Any CPU.Build.0 = Release|Any CPU
		{0BD218DA-ABEE-4DFA-9FF7-5B0EDB8269B2}.Debug|Any CPU.ActiveCfg = Debug|Any CPU
		{0BD218DA-ABEE-4DFA-9FF7-5B0EDB8269B2}.Debug|Any CPU.Build.0 = Debug|Any CPU
		{0BD218DA-ABEE-4DFA-9FF7-5B0EDB8269B2}.Release|Any CPU.ActiveCfg = Release|Any CPU
		{0BD218DA-ABEE-4DFA-9FF7-5B0EDB8269B2}.Release|Any CPU.Build.0 = Release|Any CPU
	EndGlobalSection
	GlobalSection(SolutionProperties) = preSolution
		HideSolutionNode = FALSE
	EndGlobalSection
	GlobalSection(NestedProjects) = preSolution
		{6995ABFD-720F-41E7-BE8B-38F23BA4BB57} = {F8CC5A1A-68B5-436F-81C8-A1F62CA001F1}
		{A0D66D6A-2A41-4532-AB6E-6443874946E6} = {EC26994B-B373-41E6-B657-214E8C7EC1EE}
		{A0ED5DD8-5E6C-44A7-95A5-D3EF018C71FF} = {2D654F9C-CD45-4348-A0AF-7DD4192F08A3}
		{9205050A-26A4-4047-A691-D6524EEF8F1C} = {AC8515DF-4F4E-4065-8E73-52EAC5984D3C}
		{8A97DD07-0E11-499C-80EB-481C041CDAB0} = {2D654F9C-CD45-4348-A0AF-7DD4192F08A3}
		{63D9C150-E83E-4CB5-AA0A-DD1BC65A79B2} = {2D654F9C-CD45-4348-A0AF-7DD4192F08A3}
		{084D07AF-B50A-473E-BDD7-D99413834436} = {2D654F9C-CD45-4348-A0AF-7DD4192F08A3}
		{F0794B80-904C-40EB-93DC-CA7E7EC02459} = {2D654F9C-CD45-4348-A0AF-7DD4192F08A3}
		{06845B37-474C-4C2C-8EA1-BEE19A9D7A2E} = {2D654F9C-CD45-4348-A0AF-7DD4192F08A3}
		{90EC92E1-0E3C-40D7-80C8-E79B143B04E8} = {2D654F9C-CD45-4348-A0AF-7DD4192F08A3}
		{5A181B97-9B9E-4B26-A48D-DC6C184AB222} = {2D654F9C-CD45-4348-A0AF-7DD4192F08A3}
		{7601B79B-479D-4BE9-AEC6-BC5959BA05AA} = {8F968D6C-E993-4F20-B81C-3803A94EE7C0}
		{6BB0DBDA-1521-432C-9C3E-8B06A61B64AA} = {8F968D6C-E993-4F20-B81C-3803A94EE7C0}
		{2298C3FC-A968-4B31-9AC0-FB1A2B0E7B06} = {8F968D6C-E993-4F20-B81C-3803A94EE7C0}
		{0BD218DA-ABEE-4DFA-9FF7-5B0EDB8269B2} = {2D654F9C-CD45-4348-A0AF-7DD4192F08A3}
	EndGlobalSection
EndGlobal
